{
  "nodes": {
    "nixpkgs": {
      "locked": {
        "lastModified": 1717158330,
        "narHash": "sha256-eetRoTcehuu/9DzNEx+Jgdu4Un5x12ehQbK6YK2hgdA=",
        "owner": "NixOS",
        "repo": "nixpkgs",
        "rev": "7ec74c627b767a23ea23cb0de93c2d1f6a5f09cc",
        "type": "github"
      },
      "original": {
        "id": "nixpkgs",
        "rev": "7ec74c627b767a23ea23cb0de93c2d1f6a5f09cc",
        "type": "indirect"
      }
    },
    "root": {
      "inputs": {
        "textapp-pkgs": "textapp-pkgs"
      }
    },
    "textapp-pkgs": {
      "inputs": {
        "nixpkgs": "nixpkgs"
      },
      "locked": {
        "lastModified": 1720622003,
        "narHash": "sha256-UYJkcxUoxmRVrP88TrJSAlmWNlJCN+KTze+4O6nm8ic=",
        "ref": "refs/heads/master",
        "rev": "b6ad50d464c047389fa3841ef86883d2676088e4",
        "revCount": 200,
        "type": "git",
        "url": "ssh://git@tsa04.isa.ru/textapp/textapp-pkgs"
      },
      "original": {
        "type": "git",
        "url": "ssh://git@tsa04.isa.ru/textapp/textapp-pkgs"
      }
    }
  },
  "root": "root",
  "version": 7
}
