{
  "nodes": {
    "nixpkgs": {
      "locked": {
        "lastModified": 1677852945,
        "narHash": "sha256-liiVJjkBTuBTAkRW3hrI8MbPD2ImYzwUpa7kvteiKhM=",
        "owner": "NixOS",
        "repo": "nixpkgs",
        "rev": "f5ffd5787786dde3a8bf648c7a1b5f78c4e01abb",
        "type": "github"
      },
      "original": {
        "id": "nixpkgs",
        "rev": "f5ffd5787786dde3a8bf648c7a1b5f78c4e01abb",
        "type": "indirect"
      }
    },
    "root": {
      "inputs": {
        "textapp-pkgs": "textapp-pkgs"
      }
    },
    "textapp-pkgs": {
      "inputs": {
        "nixpkgs": "nixpkgs"
      },
      "locked": {
        "lastModified": 1678119053,
        "narHash": "sha256-K1yiivL8EoydDuGyJc1BzcU9cg+OdP7j0tM1ilLKM4w=",
        "ref": "refs/heads/master",
        "rev": "3a934c07af7e0341e0ce5d86a7a10ada8a4d80f2",
        "revCount": 150,
        "type": "git",
        "url": "ssh://git@tsa04.isa.ru/textapp/textapp-pkgs"
      },
      "original": {
        "type": "git",
        "url": "ssh://git@tsa04.isa.ru/textapp/textapp-pkgs"
      }
    }
  },
  "root": "root",
  "version": 7
}
